
Microsoft Visual Studio Solution File, Format Version 12.00
# Visual Studio Version 17
VisualStudioVersion = 17.9.34714.143
MinimumVisualStudioVersion = 10.0.40219.1
Project("{FAE04EC0-301F-11D3-BF4B-00C04F79EFBC}") = "20241212", "20241212.csproj", "{DD80327A-F265-4C95-AFE6-3BA5DEC6CE59}"
EndProject
Global
	GlobalSection(SolutionConfigurationPlatforms) = preSolution
		Debug|Any CPU = Debug|Any CPU
		Release|Any CPU = Release|Any CPU
	EndGlobalSection
	GlobalSection(ProjectConfigurationPlatforms) = postSolution
		{DD80327A-F265-4C95-AFE6-3BA5DEC6CE59}.Debug|Any CPU.ActiveCfg = Debug|Any CPU
		{DD80327A-F265-4C95-AFE6-3BA5DEC6CE59}.Debug|Any CPU.Build.0 = Debug|Any CPU
		{DD80327A-F265-4C95-AFE6-3BA5DEC6CE59}.Release|Any CPU.ActiveCfg = Release|Any CPU
		{DD80327A-F265-4C95-AFE6-3BA5DEC6CE59}.Release|Any CPU.Build.0 = Release|Any CPU
	EndGlobalSection
	GlobalSection(SolutionProperties) = preSolution
		HideSolutionNode = FALSE
	EndGlobalSection
	GlobalSection(ExtensibilityGlobals) = postSolution
		SolutionGuid = {18A50245-4AF1-4E82-A085-7CD9AF73AE20}
	EndGlobalSection
EndGlobal
